
Microsoft Visual Studio Solution File, Format Version 12.00
# Visual Studio 15
VisualStudioVersion = 15.0.28010.0
MinimumVisualStudioVersion = 10.0.40219.1
Project("{FAE04EC0-301F-11D3-BF4B-00C04F79EFBC}") = "LeetCode", "LeetCode\LeetCode.csproj", "{0C745ABC-1160-4F10-A1CC-155DD31BA5FD}"
EndProject
Global
	GlobalSection(SolutionConfigurationPlatforms) = preSolution
		Debug|Any CPU = Debug|Any CPU
		Release|Any CPU = Release|Any CPU
	EndGlobalSection
	GlobalSection(ProjectConfigurationPlatforms) = postSolution
		{0C745ABC-1160-4F10-A1CC-155DD31BA5FD}.Debug|Any CPU.ActiveCfg = Debug|Any CPU
		{0C745ABC-1160-4F10-A1CC-155DD31BA5FD}.Debug|Any CPU.Build.0 = Debug|Any CPU
		{0C745ABC-1160-4F10-A1CC-155DD31BA5FD}.Release|Any CPU.ActiveCfg = Release|Any CPU
		{0C745ABC-1160-4F10-A1CC-155DD31BA5FD}.Release|Any CPU.Build.0 = Release|Any CPU
	EndGlobalSection
	GlobalSection(SolutionProperties) = preSolution
		HideSolutionNode = FALSE
	EndGlobalSection
	GlobalSection(ExtensibilityGlobals) = postSolution
		SolutionGuid = {75F5A730-A959-4B3E-8EF3-2D06062A36DF}
	EndGlobalSection
EndGlobal
